
Microsoft Visual Studio Solution File, Format Version 12.00
# Visual Studio Version 16
VisualStudioVersion = 16.0.31515.178
MinimumVisualStudioVersion = 10.0.40219.1
Project("{8BC9CEB8-8B4A-11D0-8D11-00A0C91BC942}") = "Inlupp6B", "Inlupp6B.vcxproj", "{599E3013-4583-4E16-96BF-8D7AC9118384}"
EndProject
Global
	GlobalSection(SolutionConfigurationPlatforms) = preSolution
		Debug|x64 = Debug|x64
		Debug|x86 = Debug|x86
		Release|x64 = Release|x64
		Release|x86 = Release|x86
	EndGlobalSection
	GlobalSection(ProjectConfigurationPlatforms) = postSolution
		{599E3013-4583-4E16-96BF-8D7AC9118384}.Debug|x64.ActiveCfg = Debug|x64
		{599E3013-4583-4E16-96BF-8D7AC9118384}.Debug|x64.Build.0 = Debug|x64
		{599E3013-4583-4E16-96BF-8D7AC9118384}.Debug|x86.ActiveCfg = Debug|Win32
		{599E3013-4583-4E16-96BF-8D7AC9118384}.Debug|x86.Build.0 = Debug|Win32
		{599E3013-4583-4E16-96BF-8D7AC9118384}.Release|x64.ActiveCfg = Release|x64
		{599E3013-4583-4E16-96BF-8D7AC9118384}.Release|x64.Build.0 = Release|x64
		{599E3013-4583-4E16-96BF-8D7AC9118384}.Release|x86.ActiveCfg = Release|Win32
		{599E3013-4583-4E16-96BF-8D7AC9118384}.Release|x86.Build.0 = Release|Win32
	EndGlobalSection
	GlobalSection(SolutionProperties) = preSolution
		HideSolutionNode = FALSE
	EndGlobalSection
	GlobalSection(ExtensibilityGlobals) = postSolution
		SolutionGuid = {07967AE8-9F38-49BF-8A15-84D69D64256E}
	EndGlobalSection
EndGlobal
